# Generated by function-map/gen_function_map.py — do not hand-edit.
# Regenerate with:  ./function-map/gen_function_map.py
FunctionName: "agentLock"
Module:
  Name: "secrets.js"
  RelativePath: "secrets.js"
  LastWriteTime: "2026-09-04T07:51:19Z"
Description: "Not documented in the source (no docstring, no leading comment). Function defined at secrets.js:4782-4810; takes r; returns undefined."
Parameters:
  - name: "r"
    type: "any"
ReturnType: "undefined"
References:
  - "agentDrop"
  - "alertBox"
  - "alertText"
  - "announce"
  - "callOnce"
  - "errNode"
  - "isAdminClass"
  - "lockNow"
  - "refreshAgent"
  - "safeSpecById"
CompletedTasks: []
PendingTasks: []
ReplacedBy: null
DateCreated: "2026-09-04T07:25:46Z"
DateModified: "2026-09-04T07:51:19Z"
service-type: "WebPage"
ports: []
