# Generated by function-map/gen_function_map.py — do not hand-edit.
# Regenerate with:  ./function-map/gen_function_map.py
FunctionName: "KdbxBackend.unlock"
Module:
  Name: "kdbx.py"
  RelativePath: "backends/kdbx.py"
  LastWriteTime: "2026-09-04T07:40:35Z"
Description: "Clamp, derive, verify, and only then open. Never zeroes `password`."
Parameters:
  - name: "password"
    type: "any"
  - name: "keyfile"
    type: "any"
    default: "None"
  - name: "session"
    type: "any"
    default: "None"
  - name: "yubikey_response"
    type: "any"
    default: "None"
    kind: "keyword-only"
ReturnType: "dict"
References:
  - "KdbxBackend._challenge_component"
  - "KdbxBackend._map_pykeepass_error"
  - "KdbxBackend._read"
  - "KdbxBackend._reindex"
  - "KdbxBackend.lock"
  - "Secret.__init__"
  - "_clamp_kdf"
  - "_composite_key"
  - "_derive"
  - "_install_xml_hardening"
  - "_read_header"
  - "_verify_kdbx3"
  - "_verify_kdbx4"
CompletedTasks:
  - "docs/KNOWN_ISSUES.md#I1"
  - "docs/KNOWN_ISSUES.md#I6"
  - "docs/KNOWN_ISSUES.md#I7"
  - "docs/KNOWN_ISSUES.md#I13"
  - "docs/KNOWN_ISSUES.md#I14"
PendingTasks: []
ReplacedBy: null
DateCreated: "2026-09-04T07:13:29Z"
DateModified: "2026-09-04T07:40:35Z"
service-type: "Ext_service"
ports: []
