# Generated by function-map/gen_function_map.py — do not hand-edit.
# Regenerate with:  ./function-map/gen_function_map.py
FunctionName: "Psafe3Backend.unlock"
Module:
  Name: "psafe3.py"
  RelativePath: "backends/psafe3.py"
  LastWriteTime: "2026-09-04T07:55:23Z"
Description: "Derive, verify, parse — in that order, and nothing escapes early."
Parameters:
  - name: "password"
    type: "any"
  - name: "keyfile"
    type: "any"
    default: "None"
  - name: "session"
    type: "any"
    default: "None"
  - name: "yubikey_response"
    type: "any"
    default: "None"
    kind: "keyword-only"
ReturnType: "dict"
References:
  - "Limits.check_pws3_iter"
  - "Psafe3Backend._group_paths"
  - "StretchedKey.derive"
  - "_decode"
  - "_split_prefix"
  - "open_safe_fd"
  - "twofish_provider"
CompletedTasks:
  - "docs/KNOWN_ISSUES.md#I7"
  - "docs/KNOWN_ISSUES.md#I13"
PendingTasks: []
ReplacedBy: null
DateCreated: "2026-09-04T07:14:54Z"
DateModified: "2026-09-04T07:55:23Z"
service-type: "Ext_service"
ports: []
