# Generated by function-map/gen_function_map.py — do not hand-edit.
# Regenerate with:  ./function-map/gen_function_map.py
FunctionName: "Twofish.decrypt_block"
Module:
  Name: "twofish_pure.py"
  RelativePath: "backends/twofish_pure.py"
  LastWriteTime: "2026-09-04T05:31:29Z"
Description: "One 16-byte block, ECB. Returns bytes."
Parameters:
  - name: "block"
    type: "any"
ReturnType: "any"
References:
  - "_rol32"
  - "_ror32"
  - "_words_le"
CompletedTasks: []
PendingTasks: []
ReplacedBy: null
DateCreated: "2026-09-04T05:31:29Z"
DateModified: "2026-09-04T05:31:29Z"
service-type: "Ext_service"
ports: []
