# Generated by function-map/gen_function_map.py — do not hand-edit.
# Regenerate with:  ./function-map/gen_function_map.py
FunctionName: "do_unlock"
Module:
  Name: "secrets-admin"
  RelativePath: "secrets-admin"
  LastWriteTime: "2026-09-04T08:15:36Z"
Description: "Gate -> lockout -> derive -> MAC -> handle. The failure path has a floor."
Parameters:
  - name: "entry"
    type: "any"
  - name: "req"
    type: "any"
  - name: "ctx"
    type: "any"
  - name: "safe_id"
    type: "any"
    kind: "keyword-only"
ReturnType: "tuple"
References:
  - "FailFloor.__init__"
  - "_accepts_kwarg"
  - "_keyfile_secret"
  - "_password_secret"
  - "_yubikey_secret"
  - "fail_floor_seconds"
  - "load_backend_class"
  - "lockout_check"
  - "lockout_fail"
  - "lockout_reset"
CompletedTasks:
  - "docs/KNOWN_ISSUES.md#I6"
  - "docs/KNOWN_ISSUES.md#I14"
  - "docs/KNOWN_ISSUES.md#I15"
  - "docs/KNOWN_ISSUES.md#I16"
PendingTasks: []
ReplacedBy: null
DateCreated: "2026-09-04T07:16:14Z"
DateModified: "2026-09-04T08:15:36Z"
service-type: "Ext_service"
ports: []
